
Microsoft Visual Studio Solution File, Format Version 12.00
# Visual Studio 15
VisualStudioVersion = 15.0.28307.645
MinimumVisualStudioVersion = 10.0.40219.1
Project("{159641D6-6404-4A2A-AE62-294DE0FE8301}") = "LoadFactReseller", "LoadFactReseller\LoadFactReseller.dtproj", "{7E3E69F3-267A-4B75-82D9-792C5899FB4A}"
EndProject
Global
	GlobalSection(SolutionConfigurationPlatforms) = preSolution
		Development|Default = Development|Default
	EndGlobalSection
	GlobalSection(ProjectConfigurationPlatforms) = postSolution
		{7E3E69F3-267A-4B75-82D9-792C5899FB4A}.Development|Default.ActiveCfg = Development
		{7E3E69F3-267A-4B75-82D9-792C5899FB4A}.Development|Default.Build.0 = Development
	EndGlobalSection
	GlobalSection(SolutionProperties) = preSolution
		HideSolutionNode = FALSE
	EndGlobalSection
	GlobalSection(ExtensibilityGlobals) = postSolution
		SolutionGuid = {B38426A5-228E-4E27-8470-CA4D53372FA0}
	EndGlobalSection
EndGlobal
